
Microsoft Visual Studio Solution File, Format Version 12.00
Project("{FAE04EC0-301F-11D3-BF4B-00C04F79EFBC}") = "算法", "算法\算法.csproj", "{C217A911-5EAE-4D5D-BF1D-59A57D886366}"
EndProject
Global
	GlobalSection(SolutionConfigurationPlatforms) = preSolution
		Debug|Any CPU = Debug|Any CPU
		Release|Any CPU = Release|Any CPU
	EndGlobalSection
	GlobalSection(ProjectConfigurationPlatforms) = postSolution
		{C217A911-5EAE-4D5D-BF1D-59A57D886366}.Debug|Any CPU.ActiveCfg = Debug|Any CPU
		{C217A911-5EAE-4D5D-BF1D-59A57D886366}.Debug|Any CPU.Build.0 = Debug|Any CPU
		{C217A911-5EAE-4D5D-BF1D-59A57D886366}.Release|Any CPU.ActiveCfg = Release|Any CPU
		{C217A911-5EAE-4D5D-BF1D-59A57D886366}.Release|Any CPU.Build.0 = Release|Any CPU
	EndGlobalSection
EndGlobal
